{
  "name": "myproject",
  "version": "1.0.0",
  "lockfileVersion": 1,
  "requires": true,
  "dependencies": {
    "@types/jquery": {
      "version": "3.3.6",
      "resolved": "https://registry.npmjs.org/@types/jquery/-/jquery-3.3.6.tgz",
      "integrity": "sha512-403D4wN95Mtzt2EoQHARf5oe/jEPhzBOBNrunk+ydQGW8WmkQ/E8rViRAEB1qEt/vssfGfNVD6ujP4FVeegrLg==",
      "dev": true
    },
    "jquery": {
      "version": "3.3.1",
      "resolved": "https://registry.npmjs.org/jquery/-/jquery-3.3.1.tgz",
      "integrity": "sha512-Ubldcmxp5np52/ENotGxlLe6aGMvmF4R8S6tZjsP6Knsaxd/xp3Zrh50cG93lR6nPXyUFwzN3ZSOQI0wRJNdGg==",
      "dev": true
    },
    "jquery-ts": {
      "version": "2.1.1",
      "resolved": "https://registry.npmjs.org/jquery-ts/-/jquery-ts-2.1.1.tgz",
      "integrity": "sha1-30UyW2wSj6Xesy2E0/dhtnHm3pI=",
      "dev": true,
      "requires": {
        "jquery": "3.3.1"
      }
    }
  }
}
